# THIS IS AN AUTOGENERATED FILE. DO NOT EDIT THIS FILE DIRECTLY.
# yarn lockfile v1


fast-average-color@^6.2.0:
  version "6.2.0"
  resolved "https://registry.yarnpkg.com/fast-average-color/-/fast-average-color-6.2.0.tgz#5bd81150d69ed723138b144ea0f9926ce4c38160"
  integrity sha512-aZUOwsacoZTkqRxqCUHkyPG/DfjWXw+T9OJEE+aUohyWSj2sfbIrBn+x0PeViJWP3Nx+JmssiLSbFVboPrBjzw==
